PODS:
  - ITTimer (1.0.0)

DEPENDENCIES:
  - ITTimer (from `https://github.com/ianfreelancemail/ITTimer.git`)

EXTERNAL SOURCES:
  ITTimer:
    :git: https://github.com/ianfreelancemail/ITTimer.git

CHECKOUT OPTIONS:
  ITTimer:
    :commit: b310be0546aa813a42e1d1f5438173dac878d912
    :git: https://github.com/ianfreelancemail/ITTimer.git

SPEC CHECKSUMS:
  ITTimer: def63acac5a27079711eb2bb5d1214e669d42cec

PODFILE CHECKSUM: a9e97b79c958a4cacee5546aeca04243fb4a5da2

COCOAPODS: 1.5.3
