// !$*UTF8*$!
{
	archiveVersion = 1;
	classes = {
	};
	objectVersion = 50;
	objects = {

/* Begin PBXBuildFile section */
		08601B4521EE243A0075835B /* AppDelegate.swift in Sources */ = {isa = PBXBuildFile; fileRef = 08601B4421EE243A0075835B /* AppDelegate.swift */; };
		08601B4721EE243A0075835B /* ViewController.swift in Sources */ = {isa = PBXBuildFile; fileRef = 08601B4621EE243A0075835B /* ViewController.swift */; };
		08601B4A21EE243A0075835B /* Main.storyboard in Resources */ = {isa = PBXBuildFile; fileRef = 08601B4821EE243A0075835B /* Main.storyboard */; };
		08601B4C21EE243F0075835B /* Assets.xcassets in Resources */ = {isa = PBXBuildFile; fileRef = 08601B4B21EE243F0075835B /* Assets.xcassets */; };
		08601B4F21EE243F0075835B /* LaunchScreen.storyboard in Resources */ = {isa = PBXBuildFile; fileRef = 08601B4D21EE243F0075835B /* LaunchScreen.storyboard */; };
		4373E85B59D648E30461DE59 /* Pods_ITTimerExample.framework in Frameworks */ = {isa = PBXBuildFile; fileRef = 9AE31AAC59248E2A3D1FE50C /* Pods_ITTimerExample.framework */; };
/* End PBXBuildFile section */

/* Begin PBXFileReference section */
		08601B4121EE243A0075835B /* ITTimerExample.app */ = {isa = PBXFileReference; explicitFileType = wrapper.application; includeInIndex = 0; path = ITTimerExample.app; sourceTree = BUILT_PRODUCTS_DIR; };
		08601B4421EE243A0075835B /* AppDelegate.swift */ = {isa = PBXFileReference; lastKnownFileType = sourcecode.swift; path = AppDelegate.swift; sourceTree = "<group>"; };
		08601B4621EE243A0075835B /* ViewController.swift */ = {isa = PBXFileReference; lastKnownFileType = sourcecode.swift; path = ViewController.swift; sourceTree = "<group>"; };
		08601B4921EE243A0075835B /* Base */ = {isa = PBXFileReference; lastKnownFileType = file.storyboard; name = Base; path = Base.lproj/Main.storyboard; sourceTree = "<group>"; };
		08601B4B21EE243F0075835B /* Assets.xcassets */ = {isa = PBXFileReference; lastKnownFileType = folder.assetcatalog; path = Assets.xcassets; sourceTree = "<group>"; };
		08601B4E21EE243F0075835B /* Base */ = {isa = PBXFileReference; lastKnownFileType = file.storyboard; name = Base; path = Base.lproj/LaunchScreen.storyboard; sourceTree = "<group>"; };
		08601B5021EE243F0075835B /* Info.plist */ = {isa = PBXFileReference; lastKnownFileType = text.plist.xml; path = Info.plist; sourceTree = "<group>"; };
		9AE31AAC59248E2A3D1FE50C /* Pods_ITTimerExample.framework */ = {isa = PBXFileReference; explicitFileType = wrapper.framework; includeInIndex = 0; path = Pods_ITTimerExample.framework; sourceTree = BUILT_PRODUCTS_DIR; };
		D337349109865D6D54A0EE24 /* Pods-ITTimerExample.release.xcconfig */ = {isa = PBXFileReference; includeInIndex = 1; lastKnownFileType = text.xcconfig; name = "Pods-ITTimerExample.release.xcconfig"; path = "Pods/Target Support Files/Pods-ITTimerExample/Pods-ITTimerExample.release.xcconfig"; sourceTree = "<group>"; };
		E485B0482164118E05B89B3C /* Pods-ITTimerExample.debug.xcconfig */ = {isa = PBXFileReference; includeInIndex = 1; lastKnownFileType = text.xcconfig; name = "Pods-ITTimerExample.debug.xcconfig"; path = "Pods/Target Support Files/Pods-ITTimerExample/Pods-ITTimerExample.debug.xcconfig"; sourceTree = "<group>"; };
/* End PBXFileReference section */

/* Begin PBXFrameworksBuildPhase section */
		08601B3E21EE243A0075835B /* Frameworks */ = {
			isa = PBXFrameworksBuildPhase;
			buildActionMask = 2147483647;
			files = (
				4373E85B59D648E30461DE59 /* Pods_ITTimerExample.framework in Frameworks */,
			);
			runOnlyForDeploymentPostprocessing = 0;
		};
/* End PBXFrameworksBuildPhase section */

/* Begin PBXGroup section */
		08601B3821EE243A0075835B = {
			isa = PBXGroup;
			children = (
				08601B4321EE243A0075835B /* ITTimerExample */,
				08601B4221EE243A0075835B /* Products */,
				73D838363D34C09A6A8D8969 /* Pods */,
				CF07A4A551A4E8DECFA1B964 /* Frameworks */,
			);
			sourceTree = "<group>";
		};
		08601B4221EE243A0075835B /* Products */ = {
			isa = PBXGroup;
			children = (
				08601B4121EE243A0075835B /* ITTimerExample.app */,
			);
			name = Products;
			sourceTree = "<group>";
		};
		08601B4321EE243A0075835B /* ITTimerExample */ = {
			isa = PBXGroup;
			children = (
				08601B4421EE243A0075835B /* AppDelegate.swift */,
				08601B4621EE243A0075835B /* ViewController.swift */,
				08601B4821EE243A0075835B /* Main.storyboard */,
				08601B4B21EE243F0075835B /* Assets.xcassets */,
				08601B4D21EE243F0075835B /* LaunchScreen.storyboard */,
				08601B5021EE243F0075835B /* Info.plist */,
			);
			path = ITTimerExample;
			sourceTree = "<group>";
		};
		73D838363D34C09A6A8D8969 /* Pods */ = {
			isa = PBXGroup;
			children = (
				E485B0482164118E05B89B3C /* Pods-ITTimerExample.debug.xcconfig */,
				D337349109865D6D54A0EE24 /* Pods-ITTimerExample.release.xcconfig */,
			);
			name = Pods;
			sourceTree = "<group>";
		};
		CF07A4A551A4E8DECFA1B964 /* Frameworks */ = {
			isa = PBXGroup;
			children = (
				9AE31AAC59248E2A3D1FE50C /* Pods_ITTimerExample.framework */,
			);
			name = Frameworks;
			sourceTree = "<group>";
		};
/* End PBXGroup section */

/* Begin PBXNativeTarget section */
		08601B4021EE243A0075835B /* ITTimerExample */ = {
			isa = PBXNativeTarget;
			buildConfigurationList = 08601B5321EE243F0075835B /* Build configuration list for PBXNativeTarget "ITTimerExample" */;
			buildPhases = (
				B3DE1CFACC5EEA4DE86C8D31 /* [CP] Check Pods Manifest.lock */,
				08601B3D21EE243A0075835B /* Sources */,
				08601B3E21EE243A0075835B /* Frameworks */,
				08601B3F21EE243A0075835B /* Resources */,
			);
			buildRules = (
			);
			dependencies = (
			);
			name = ITTimerExample;
			productName = ITTimerExample;
			productReference = 08601B4121EE243A0075835B /* ITTimerExample.app */;
			productType = "com.apple.product-type.application";
		};
/* End PBXNativeTarget section */

/* Begin PBXProject section */
		08601B3921EE243A0075835B /* Project object */ = {
			isa = PBXProject;
			attributes = {
				LastSwiftUpdateCheck = 1010;
				LastUpgradeCheck = 1010;
				ORGANIZATIONNAME = dev;
				TargetAttributes = {
					08601B4021EE243A0075835B = {
						CreatedOnToolsVersion = 10.1;
					};
				};
			};
			buildConfigurationList = 08601B3C21EE243A0075835B /* Build configuration list for PBXProject "ITTimerExample" */;
			compatibilityVersion = "Xcode 9.3";
			developmentRegion = en;
			hasScannedForEncodings = 0;
			knownRegions = (
				en,
				Base,
			);
			mainGroup = 08601B3821EE243A0075835B;
			productRefGroup = 08601B4221EE243A0075835B /* Products */;
			projectDirPath = "";
			projectRoot = "";
			targets = (
				08601B4021EE243A0075835B /* ITTimerExample */,
			);
		};
/* End PBXProject section */

/* Begin PBXResourcesBuildPhase section */
		08601B3F21EE243A0075835B /* Resources */ = {
			isa = PBXResourcesBuildPhase;
			buildActionMask = 2147483647;
			files = (
				08601B4F21EE243F0075835B /* LaunchScreen.storyboard in Resources */,
				08601B4C21EE243F0075835B /* Assets.xcassets in Resources */,
				08601B4A21EE243A0075835B /* Main.storyboard in Resources */,
			);
			runOnlyForDeploymentPostprocessing = 0;
		};
/* End PBXResourcesBuildPhase section */

/* Begin PBXShellScriptBuildPhase section */
		B3DE1CFACC5EEA4DE86C8D31 /* [CP] Check Pods Manifest.lock */ = {
			isa = PBXShellScriptBuildPhase;
			buildActionMask = 2147483647;
			files = (
			);
			inputFileListPaths = (
			);
			inputPaths = (
				"${PODS_PODFILE_DIR_PATH}/Podfile.lock",
				"${PODS_ROOT}/Manifest.lock",
			);
			name = "[CP] Check Pods Manifest.lock";
			outputFileListPaths = (
			);
			outputPaths = (
				"$(DERIVED_FILE_DIR)/Pods-ITTimerExample-checkManifestLockResult.txt",
			);
			runOnlyForDeploymentPostprocessing = 0;
			shellPath = /bin/sh;
			shellScript = "diff \"${PODS_PODFILE_DIR_PATH}/Podfile.lock\" \"${PODS_ROOT}/Manifest.lock\" > /dev/null\nif [ $? != 0 ] ; then\n    # print error to STDERR\n    echo \"error: The sandbox is not in sync with the Podfile.lock. Run 'pod install' or update your CocoaPods installation.\" >&2\n    exit 1\nfi\n# This output is used by Xcode 'outputs' to avoid re-running this script phase.\necho \"SUCCESS\" > \"${SCRIPT_OUTPUT_FILE_0}\"\n";
			showEnvVarsInLog = 0;
		};
/* End PBXShellScriptBuildPhase section */

/* Begin PBXSourcesBuildPhase section */
		08601B3D21EE243A0075835B /* Sources */ = {
			isa = PBXSourcesBuildPhase;
			buildActionMask = 2147483647;
			files = (
				08601B4721EE243A0075835B /* ViewController.swift in Sources */,
				08601B4521EE243A0075835B /* AppDelegate.swift in Sources */,
			);
			runOnlyForDeploymentPostprocessing = 0;
		};
/* End PBXSourcesBuildPhase section */

/* Begin PBXVariantGroup section */
		08601B4821EE243A0075835B /* Main.storyboard */ = {
			isa = PBXVariantGroup;
			children = (
				08601B4921EE243A0075835B /* Base */,
			);
			name = Main.storyboard;
			sourceTree = "<group>";
		};
		08601B4D21EE243F0075835B /* LaunchScreen.storyboard */ = {
			isa = PBXVariantGroup;
			children = (
				08601B4E21EE243F0075835B /* Base */,
			);
			name = LaunchScreen.storyboard;
			sourceTree = "<group>";
		};
/* End PBXVariantGroup section */

/* Begin XCBuildConfiguration section */
		08601B5121EE243F0075835B /* Debug */ = {
			isa = XCBuildConfiguration;
			buildSettings = {
				ALWAYS_SEARCH_USER_PATHS = NO;
				CLANG_ANALYZER_NONNULL = YES;
				CLANG_ANALYZER_NUMBER_OBJECT_CONVERSION = YES_AGGRESSIVE;
				CLANG_CXX_LANGUAGE_STANDARD = "gnu++14";
				CLANG_CXX_LIBRARY = "libc++";
				CLANG_ENABLE_MODULES = YES;
				CLANG_ENABLE_OBJC_ARC = YES;
				CLANG_ENABLE_OBJC_WEAK = YES;
				CLANG_WARN_BLOCK_CAPTURE_AUTORELEASING = YES;
				CLANG_WARN_BOOL_CONVERSION = YES;
				CLANG_WARN_COMMA = YES;
				CLANG_WARN_CONSTANT_CONVERSION = YES;
				CLANG_WARN_DEPRECATED_OBJC_IMPLEMENTATIONS = YES;
				CLANG_WARN_DIRECT_OBJC_ISA_USAGE = YES_ERROR;
				CLANG_WARN_DOCUMENTATION_COMMENTS = YES;
				CLANG_WARN_EMPTY_BODY = YES;
				CLANG_WARN_ENUM_CONVERSION = YES;
				CLANG_WARN_INFINITE_RECURSION = YES;
				CLANG_WARN_INT_CONVERSION = YES;
				CLANG_WARN_NON_LITERAL_NULL_CONVERSION = YES;
				CLANG_WARN_OBJC_IMPLICIT_RETAIN_SELF = YES;
				CLANG_WARN_OBJC_LITERAL_CONVERSION = YES;
				CLANG_WARN_OBJC_ROOT_CLASS = YES_ERROR;
				CLANG_WARN_RANGE_LOOP_ANALYSIS = YES;
				CLANG_WARN_STRICT_PROTOTYPES = YES;
				CLANG_WARN_SUSPICIOUS_MOVE = YES;
				CLANG_WARN_UNGUARDED_AVAILABILITY = YES_AGGRESSIVE;
				CLANG_WARN_UNREACHABLE_CODE = YES;
				CLANG_WARN__DUPLICATE_METHOD_MATCH = YES;
				CODE_SIGN_IDENTITY = "iPhone Developer";
				COPY_PHASE_STRIP = NO;
				DEBUG_INFORMATION_FORMAT = dwarf;
				ENABLE_STRICT_OBJC_MSGSEND = YES;
				ENABLE_TESTABILITY = YES;
				GCC_C_LANGUAGE_STANDARD = gnu11;
				GCC_DYNAMIC_NO_PIC = NO;
				GCC_NO_COMMON_BLOCKS = YES;
				GCC_OPTIMIZATION_LEVEL = 0;
				GCC_PREPROCESSOR_DEFINITIONS = (
					"DEBUG=1",
					"$(inherited)",
				);
				GCC_WARN_64_TO_32_BIT_CONVERSION = YES;
				GCC_WARN_ABOUT_RETURN_TYPE = YES_ERROR;
				GCC_WARN_UNDECLARED_SELECTOR = YES;
				GCC_WARN_UNINITIALIZED_AUTOS = YES_AGGRESSIVE;
				GCC_WARN_UNUSED_FUNCTION = YES;
				GCC_WARN_UNUSED_VARIABLE = YES;
				IPHONEOS_DEPLOYMENT_TARGET = 12.1;
				MTL_ENABLE_DEBUG_INFO = INCLUDE_SOURCE;
				MTL_FAST_MATH = YES;
				ONLY_ACTIVE_ARCH = YES;
				SDKROOT = iphoneos;
				SWIFT_ACTIVE_COMPILATION_CONDITIONS = DEBUG;
				SWIFT_OPTIMIZATION_LEVEL = "-Onone";
			};
			name = Debug;
		};
		08601B5221EE243F0075835B /* Release */ = {
			isa = XCBuildConfiguration;
			buildSettings = {
				ALWAYS_SEARCH_USER_PATHS = NO;
				CLANG_ANALYZER_NONNULL = YES;
				CLANG_ANALYZER_NUMBER_OBJECT_CONVERSION = YES_AGGRESSIVE;
				CLANG_CXX_LANGUAGE_STANDARD = "gnu++14";
				CLANG_CXX_LIBRARY = "libc++";
				CLANG_ENABLE_MODULES = YES;
				CLANG_ENABLE_OBJC_ARC = YES;
				CLANG_ENABLE_OBJC_WEAK = YES;
				CLANG_WARN_BLOCK_CAPTURE_AUTORELEASING = YES;
				CLANG_WARN_BOOL_CONVERSION = YES;
				CLANG_WARN_COMMA = YES;
				CLANG_WARN_CONSTANT_CONVERSION = YES;
				CLANG_WARN_DEPRECATED_OBJC_IMPLEMENTATIONS = YES;
				CLANG_WARN_DIRECT_OBJC_ISA_USAGE = YES_ERROR;
				CLANG_WARN_DOCUMENTATION_COMMENTS = YES;
				CLANG_WARN_EMPTY_BODY = YES;
				CLANG_WARN_ENUM_CONVERSION = YES;
				CLANG_WARN_INFINITE_RECURSION = YES;
				CLANG_WARN_INT_CONVERSION = YES;
				CLANG_WARN_NON_LITERAL_NULL_CONVERSION = YES;
				CLANG_WARN_OBJC_IMPLICIT_RETAIN_SELF = YES;
				CLANG_WARN_OBJC_LITERAL_CONVERSION = YES;
				CLANG_WARN_OBJC_ROOT_CLASS = YES_ERROR;
				CLANG_WARN_RANGE_LOOP_ANALYSIS = YES;
				CLANG_WARN_STRICT_PROTOTYPES = YES;
				CLANG_WARN_SUSPICIOUS_MOVE = YES;
				CLANG_WARN_UNGUARDED_AVAILABILITY = YES_AGGRESSIVE;
				CLANG_WARN_UNREACHABLE_CODE = YES;
				CLANG_WARN__DUPLICATE_METHOD_MATCH = YES;
				CODE_SIGN_IDENTITY = "iPhone Developer";
				COPY_PHASE_STRIP = NO;
				DEBUG_INFORMATION_FORMAT = "dwarf-with-dsym";
				ENABLE_NS_ASSERTIONS = NO;
				ENABLE_STRICT_OBJC_MSGSEND = YES;
				GCC_C_LANGUAGE_STANDARD = gnu11;
				GCC_NO_COMMON_BLOCKS = YES;
				GCC_WARN_64_TO_32_BIT_CONVERSION = YES;
				GCC_WARN_ABOUT_RETURN_TYPE = YES_ERROR;
				GCC_WARN_UNDECLARED_SELECTOR = YES;
				GCC_WARN_UNINITIALIZED_AUTOS = YES_AGGRESSIVE;
				GCC_WARN_UNUSED_FUNCTION = YES;
				GCC_WARN_UNUSED_VARIABLE = YES;
				IPHONEOS_DEPLOYMENT_TARGET = 12.1;
				MTL_ENABLE_DEBUG_INFO = NO;
				MTL_FAST_MATH = YES;
				SDKROOT = iphoneos;
				SWIFT_COMPILATION_MODE = wholemodule;
				SWIFT_OPTIMIZATION_LEVEL = "-O";
				VALIDATE_PRODUCT = YES;
			};
			name = Release;
		};
		08601B5421EE243F0075835B /* Debug */ = {
			isa = XCBuildConfiguration;
			baseConfigurationReference = E485B0482164118E05B89B3C /* Pods-ITTimerExample.debug.xcconfig */;
			buildSettings = {
				ASSETCATALOG_COMPILER_APPICON_NAME = AppIcon;
				CODE_SIGN_STYLE = Automatic;
				INFOPLIST_FILE = ITTimerExample/Info.plist;
				LD_RUNPATH_SEARCH_PATHS = (
					"$(inherited)",
					"@executable_path/Frameworks",
				);
				PRODUCT_BUNDLE_IDENTIFIER = dev.ITTimerExample;
				PRODUCT_NAME = "$(TARGET_NAME)";
				SWIFT_VERSION = 4.2;
				TARGETED_DEVICE_FAMILY = "1,2";
			};
			name = Debug;
		};
		08601B5521EE243F0075835B /* Release */ = {
			isa = XCBuildConfiguration;
			baseConfigurationReference = D337349109865D6D54A0EE24 /* Pods-ITTimerExample.release.xcconfig */;
			buildSettings = {
				ASSETCATALOG_COMPILER_APPICON_NAME = AppIcon;
				CODE_SIGN_STYLE = Automatic;
				INFOPLIST_FILE = ITTimerExample/Info.plist;
				LD_RUNPATH_SEARCH_PATHS = (
					"$(inherited)",
					"@executable_path/Frameworks",
				);
				PRODUCT_BUNDLE_IDENTIFIER = dev.ITTimerExample;
				PRODUCT_NAME = "$(TARGET_NAME)";
				SWIFT_VERSION = 4.2;
				TARGETED_DEVICE_FAMILY = "1,2";
			};
			name = Release;
		};
/* End XCBuildConfiguration section */

/* Begin XCConfigurationList section */
		08601B3C21EE243A0075835B /* Build configuration list for PBXProject "ITTimerExample" */ = {
			isa = XCConfigurationList;
			buildConfigurations = (
				08601B5121EE243F0075835B /* Debug */,
				08601B5221EE243F0075835B /* Release */,
			);
			defaultConfigurationIsVisible = 0;
			defaultConfigurationName = Release;
		};
		08601B5321EE243F0075835B /* Build configuration list for PBXNativeTarget "ITTimerExample" */ = {
			isa = XCConfigurationList;
			buildConfigurations = (
				08601B5421EE243F0075835B /* Debug */,
				08601B5521EE243F0075835B /* Release */,
			);
			defaultConfigurationIsVisible = 0;
			defaultConfigurationName = Release;
		};
/* End XCConfigurationList section */
	};
	rootObject = 08601B3921EE243A0075835B /* Project object */;
}
